
Microsoft Visual Studio Solution File, Format Version 12.00
# Visual Studio Version 17
VisualStudioVersion = 17.14.36301.6 d17.14
MinimumVisualStudioVersion = 10.0.40219.1
Project("{FAE04EC0-301F-11D3-BF4B-00C04F79EFBC}") = "WindowsApp", "WindowsApp\WindowsApp.csproj", "{B52E33C1-8568-4A3F-BB52-6B877F18BBEB}"
EndProject
Global
	GlobalSection(SolutionConfigurationPlatforms) = preSolution
		Debug|Any CPU = Debug|Any CPU
		Release|Any CPU = Release|Any CPU
	EndGlobalSection
	GlobalSection(ProjectConfigurationPlatforms) = postSolution
		{B52E33C1-8568-4A3F-BB52-6B877F18BBEB}.Debug|Any CPU.ActiveCfg = Debug|Any CPU
		{B52E33C1-8568-4A3F-BB52-6B877F18BBEB}.Debug|Any CPU.Build.0 = Debug|Any CPU
		{B52E33C1-8568-4A3F-BB52-6B877F18BBEB}.Release|Any CPU.ActiveCfg = Release|Any CPU
		{B52E33C1-8568-4A3F-BB52-6B877F18BBEB}.Release|Any CPU.Build.0 = Release|Any CPU
	EndGlobalSection
	GlobalSection(SolutionProperties) = preSolution
		HideSolutionNode = FALSE
	EndGlobalSection
	GlobalSection(ExtensibilityGlobals) = postSolution
		SolutionGuid = {96DDD64E-BAA9-4634-BE00-56249B1A321A}
	EndGlobalSection
EndGlobal
